
Microsoft Visual Studio Solution File, Format Version 12.00
# Visual Studio Version 16
VisualStudioVersion = 16.0.31911.196
MinimumVisualStudioVersion = 10.0.40219.1
Project("{FAE04EC0-301F-11D3-BF4B-00C04F79EFBC}") = "ORM-Framework-DP", "ORM-Framework-DP\ORM-Framework-DP.csproj", "{4B01A210-6085-400B-BA97-0D088934DFBE}"
EndProject
Global
	GlobalSection(SolutionConfigurationPlatforms) = preSolution
		Debug|Any CPU = Debug|Any CPU
		Release|Any CPU = Release|Any CPU
	EndGlobalSection
	GlobalSection(ProjectConfigurationPlatforms) = postSolution
		{4B01A210-6085-400B-BA97-0D088934DFBE}.Debug|Any CPU.ActiveCfg = Debug|Any CPU
		{4B01A210-6085-400B-BA97-0D088934DFBE}.Debug|Any CPU.Build.0 = Debug|Any CPU
		{4B01A210-6085-400B-BA97-0D088934DFBE}.Release|Any CPU.ActiveCfg = Release|Any CPU
		{4B01A210-6085-400B-BA97-0D088934DFBE}.Release|Any CPU.Build.0 = Release|Any CPU
	EndGlobalSection
	GlobalSection(SolutionProperties) = preSolution
		HideSolutionNode = FALSE
	EndGlobalSection
	GlobalSection(ExtensibilityGlobals) = postSolution
		SolutionGuid = {AFB598CF-F330-45D3-A3A7-588314D41A84}
	EndGlobalSection
EndGlobal
