
Microsoft Visual Studio Solution File, Format Version 12.00
# Visual Studio Version 16
VisualStudioVersion = 16.0.31911.196
MinimumVisualStudioVersion = 10.0.40219.1
Project("{FAE04EC0-301F-11D3-BF4B-00C04F79EFBC}") = "ORM-Framework-DP", "ORM-Framework-DP\ORM-Framework-DP.csproj", "{03327FED-E325-4F30-BEE5-F26E2BDFE796}"
EndProject
Global
	GlobalSection(SolutionConfigurationPlatforms) = preSolution
		Debug|Any CPU = Debug|Any CPU
		Release|Any CPU = Release|Any CPU
	EndGlobalSection
	GlobalSection(ProjectConfigurationPlatforms) = postSolution
		{03327FED-E325-4F30-BEE5-F26E2BDFE796}.Debug|Any CPU.ActiveCfg = Debug|Any CPU
		{03327FED-E325-4F30-BEE5-F26E2BDFE796}.Debug|Any CPU.Build.0 = Debug|Any CPU
		{03327FED-E325-4F30-BEE5-F26E2BDFE796}.Release|Any CPU.ActiveCfg = Release|Any CPU
		{03327FED-E325-4F30-BEE5-F26E2BDFE796}.Release|Any CPU.Build.0 = Release|Any CPU
	EndGlobalSection
	GlobalSection(SolutionProperties) = preSolution
		HideSolutionNode = FALSE
	EndGlobalSection
	GlobalSection(ExtensibilityGlobals) = postSolution
		SolutionGuid = {0593E77E-E35C-4166-A04A-701F22232B7E}
	EndGlobalSection
EndGlobal
